
Microsoft Visual Studio Solution File, Format Version 12.00
# Visual Studio Version 17
VisualStudioVersion = 17.0.31903.59
MinimumVisualStudioVersion = 10.0.40219.1
Project("{2150E333-8FDC-42A3-9474-1A3956D46DE8}") = "src", "src", "{827E0CD3-B72D-47B6-A68D-7590B98EB39B}"
EndProject
Project("{FAE04EC0-301F-11D3-BF4B-00C04F79EFBC}") = "LawnDart", "src\LawnDart\LawnDart.csproj", "{D61B6A3D-7BD0-4FAB-9D38-1D8EBCA0E913}"
EndProject
Project("{2150E333-8FDC-42A3-9474-1A3956D46DE8}") = "tests", "tests", "{0AB3BF05-4346-4AA6-1389-037BE0695223}"
EndProject
Project("{FAE04EC0-301F-11D3-BF4B-00C04F79EFBC}") = "LawnDart.Tests", "tests\LawnDart.Tests\LawnDart.Tests.csproj", "{C7932540-DC13-4ECB-BB93-3864AC96E362}"
EndProject
Project("{FAE04EC0-301F-11D3-BF4B-00C04F79EFBC}") = "LawnDart.Messaging", "src\LawnDart.Messaging\LawnDart.Messaging.csproj", "{0B251BBB-262B-490E-8C87-5B275F1F9B77}"
EndProject
Project("{FAE04EC0-301F-11D3-BF4B-00C04F79EFBC}") = "LawnDart.Messaging.InMemory", "src\LawnDart.Messaging.InMemory\LawnDart.Messaging.InMemory.csproj", "{A5EEBB17-E3F3-4F10-8710-67CEAAFB7552}"
EndProject
Project("{FAE04EC0-301F-11D3-BF4B-00C04F79EFBC}") = "LawnDart.EventSourcing", "src\LawnDart.EventSourcing\LawnDart.EventSourcing.csproj", "{959A20E8-614C-40F5-8BCB-AE6B2B6ED6D7}"
EndProject
Project("{FAE04EC0-301F-11D3-BF4B-00C04F79EFBC}") = "LawnDart.TestUtilities", "tests\LawnDart.TestUtilities\LawnDart.TestUtilities.csproj", "{CBA07D8F-A2F9-4BD0-9FDF-DA2E195B024A}"
EndProject
Project("{FAE04EC0-301F-11D3-BF4B-00C04F79EFBC}") = "LawnDart.EventSourcing.Tests", "tests\LawnDart.EventSourcing.Tests\LawnDart.EventSourcing.Tests.csproj", "{620689A2-A7F3-4608-8CFF-D95DF26D1237}"
EndProject
Project("{FAE04EC0-301F-11D3-BF4B-00C04F79EFBC}") = "LawnDart.Messaging.Tests", "tests\LawnDart.Messaging.Tests\LawnDart.Messaging.Tests.csproj", "{AFB726FF-4A05-4518-81F6-BF50F3CFE0A1}"
EndProject
Project("{FAE04EC0-301F-11D3-BF4B-00C04F79EFBC}") = "LawnDart.EventSourcing.SqlServer", "src\LawnDart.EventSourcing.SqlServer\LawnDart.EventSourcing.SqlServer.csproj", "{3A85E3DE-19BD-4073-84CF-ABBC1DB5FED6}"
EndProject
Project("{FAE04EC0-301F-11D3-BF4B-00C04F79EFBC}") = "LawnDart.EventSourcing.SqlServer.Tests", "tests\LawnDart.EventSourcing.SqlServer.Tests\LawnDart.EventSourcing.SqlServer.Tests.csproj", "{83765878-79BF-411D-95AB-86BED28B725C}"
EndProject
Project("{FAE04EC0-301F-11D3-BF4B-00C04F79EFBC}") = "LawnDart.Projections.Lightweight", "src\LawnDart.Projections.Lightweight\LawnDart.Projections.Lightweight.csproj", "{8E05FEE9-7388-482E-B996-68EE41CF6017}"
EndProject
Project("{FAE04EC0-301F-11D3-BF4B-00C04F79EFBC}") = "LawnDart.Projections.Lightweight.Tests", "tests\LawnDart.Projections.Lightweight.Tests\LawnDart.Projections.Lightweight.Tests.csproj", "{A9084FEB-6DA0-4B41-BB48-DB91D1E07933}"
EndProject
Project("{FAE04EC0-301F-11D3-BF4B-00C04F79EFBC}") = "LawnDart.Testing", "src\LawnDart.Testing\LawnDart.Testing.csproj", "{8CC125CC-C658-4B0E-9EEA-C04878F232A7}"
EndProject
Project("{FAE04EC0-301F-11D3-BF4B-00C04F79EFBC}") = "LawnDart.Testing.Tests", "tests\LawnDart.Testing.Tests\LawnDart.Testing.Tests.csproj", "{8E627744-79BD-495B-A983-CDAFC7F8016D}"
EndProject
Project("{FAE04EC0-301F-11D3-BF4B-00C04F79EFBC}") = "LawnDart.Authorization.AspNetCore", "src\LawnDart.Authorization.AspNetCore\LawnDart.Authorization.AspNetCore.csproj", "{33896AF1-4C0C-4C7D-9853-EF797BBBEEA0}"
EndProject
Project("{FAE04EC0-301F-11D3-BF4B-00C04F79EFBC}") = "LawnDart.AspNetCore", "src\LawnDart.AspNetCore\LawnDart.AspNetCore.csproj", "{DBFB164E-2F39-463A-AF65-66EAFB1AC800}"
EndProject
Project("{FAE04EC0-301F-11D3-BF4B-00C04F79EFBC}") = "LawnDart.AspNetCore.Tests", "tests\LawnDart.AspNetCore.Tests\LawnDart.AspNetCore.Tests.csproj", "{6ED5011C-8E82-473A-A9EE-E8961A04AE66}"
EndProject
Project("{2150E333-8FDC-42A3-9474-1A3956D46DE8}") = "demos", "demos", "{FA8A28C8-4B59-8028-2ACF-626D05B08DB7}"
EndProject
Project("{FAE04EC0-301F-11D3-BF4B-00C04F79EFBC}") = "LawnDart.Demo.Academy", "demos\LawnDart.Demo.Academy\LawnDart.Demo.Academy.csproj", "{AF4FA922-DF41-4088-95DE-0E8B08403AA2}"
EndProject
Project("{FAE04EC0-301F-11D3-BF4B-00C04F79EFBC}") = "LawnDart.Demo.Academy.WebApi", "demos\LawnDart.Demo.Academy.WebApi\LawnDart.Demo.Academy.WebApi.csproj", "{4ADAE1B8-7CB2-4078-8040-31053F0EE139}"
EndProject
Global
	GlobalSection(SolutionConfigurationPlatforms) = preSolution
		Debug|Any CPU = Debug|Any CPU
		Debug|x64 = Debug|x64
		Debug|x86 = Debug|x86
		Release|Any CPU = Release|Any CPU
		Release|x64 = Release|x64
		Release|x86 = Release|x86
	EndGlobalSection
	GlobalSection(ProjectConfigurationPlatforms) = postSolution
		{D61B6A3D-7BD0-4FAB-9D38-1D8EBCA0E913}.Debug|Any CPU.ActiveCfg = Debug|Any CPU
		{D61B6A3D-7BD0-4FAB-9D38-1D8EBCA0E913}.Debug|Any CPU.Build.0 = Debug|Any CPU
		{D61B6A3D-7BD0-4FAB-9D38-1D8EBCA0E913}.Debug|x64.ActiveCfg = Debug|Any CPU
		{D61B6A3D-7BD0-4FAB-9D38-1D8EBCA0E913}.Debug|x64.Build.0 = Debug|Any CPU
		{D61B6A3D-7BD0-4FAB-9D38-1D8EBCA0E913}.Debug|x86.ActiveCfg = Debug|Any CPU
		{D61B6A3D-7BD0-4FAB-9D38-1D8EBCA0E913}.Debug|x86.Build.0 = Debug|Any CPU
		{D61B6A3D-7BD0-4FAB-9D38-1D8EBCA0E913}.Release|Any CPU.ActiveCfg = Release|Any CPU
		{D61B6A3D-7BD0-4FAB-9D38-1D8EBCA0E913}.Release|Any CPU.Build.0 = Release|Any CPU
		{D61B6A3D-7BD0-4FAB-9D38-1D8EBCA0E913}.Release|x64.ActiveCfg = Release|Any CPU
		{D61B6A3D-7BD0-4FAB-9D38-1D8EBCA0E913}.Release|x64.Build.0 = Release|Any CPU
		{D61B6A3D-7BD0-4FAB-9D38-1D8EBCA0E913}.Release|x86.ActiveCfg = Release|Any CPU
		{D61B6A3D-7BD0-4FAB-9D38-1D8EBCA0E913}.Release|x86.Build.0 = Release|Any CPU
		{C7932540-DC13-4ECB-BB93-3864AC96E362}.Debug|Any CPU.ActiveCfg = Debug|Any CPU
		{C7932540-DC13-4ECB-BB93-3864AC96E362}.Debug|Any CPU.Build.0 = Debug|Any CPU
		{C7932540-DC13-4ECB-BB93-3864AC96E362}.Debug|x64.ActiveCfg = Debug|Any CPU
		{C7932540-DC13-4ECB-BB93-3864AC96E362}.Debug|x64.Build.0 = Debug|Any CPU
		{C7932540-DC13-4ECB-BB93-3864AC96E362}.Debug|x86.ActiveCfg = Debug|Any CPU
		{C7932540-DC13-4ECB-BB93-3864AC96E362}.Debug|x86.Build.0 = Debug|Any CPU
		{C7932540-DC13-4ECB-BB93-3864AC96E362}.Release|Any CPU.ActiveCfg = Release|Any CPU
		{C7932540-DC13-4ECB-BB93-3864AC96E362}.Release|Any CPU.Build.0 = Release|Any CPU
		{C7932540-DC13-4ECB-BB93-3864AC96E362}.Release|x64.ActiveCfg = Release|Any CPU
		{C7932540-DC13-4ECB-BB93-3864AC96E362}.Release|x64.Build.0 = Release|Any CPU
		{C7932540-DC13-4ECB-BB93-3864AC96E362}.Release|x86.ActiveCfg = Release|Any CPU
		{C7932540-DC13-4ECB-BB93-3864AC96E362}.Release|x86.Build.0 = Release|Any CPU
		{0B251BBB-262B-490E-8C87-5B275F1F9B77}.Debug|Any CPU.ActiveCfg = Debug|Any CPU
		{0B251BBB-262B-490E-8C87-5B275F1F9B77}.Debug|Any CPU.Build.0 = Debug|Any CPU
		{0B251BBB-262B-490E-8C87-5B275F1F9B77}.Debug|x64.ActiveCfg = Debug|Any CPU
		{0B251BBB-262B-490E-8C87-5B275F1F9B77}.Debug|x64.Build.0 = Debug|Any CPU
		{0B251BBB-262B-490E-8C87-5B275F1F9B77}.Debug|x86.ActiveCfg = Debug|Any CPU
		{0B251BBB-262B-490E-8C87-5B275F1F9B77}.Debug|x86.Build.0 = Debug|Any CPU
		{0B251BBB-262B-490E-8C87-5B275F1F9B77}.Release|Any CPU.ActiveCfg = Release|Any CPU
		{0B251BBB-262B-490E-8C87-5B275F1F9B77}.Release|Any CPU.Build.0 = Release|Any CPU
		{0B251BBB-262B-490E-8C87-5B275F1F9B77}.Release|x64.ActiveCfg = Release|Any CPU
		{0B251BBB-262B-490E-8C87-5B275F1F9B77}.Release|x64.Build.0 = Release|Any CPU
		{0B251BBB-262B-490E-8C87-5B275F1F9B77}.Release|x86.ActiveCfg = Release|Any CPU
		{0B251BBB-262B-490E-8C87-5B275F1F9B77}.Release|x86.Build.0 = Release|Any CPU
		{A5EEBB17-E3F3-4F10-8710-67CEAAFB7552}.Debug|Any CPU.ActiveCfg = Debug|Any CPU
		{A5EEBB17-E3F3-4F10-8710-67CEAAFB7552}.Debug|Any CPU.Build.0 = Debug|Any CPU
		{A5EEBB17-E3F3-4F10-8710-67CEAAFB7552}.Debug|x64.ActiveCfg = Debug|Any CPU
		{A5EEBB17-E3F3-4F10-8710-67CEAAFB7552}.Debug|x64.Build.0 = Debug|Any CPU
		{A5EEBB17-E3F3-4F10-8710-67CEAAFB7552}.Debug|x86.ActiveCfg = Debug|Any CPU
		{A5EEBB17-E3F3-4F10-8710-67CEAAFB7552}.Debug|x86.Build.0 = Debug|Any CPU
		{A5EEBB17-E3F3-4F10-8710-67CEAAFB7552}.Release|Any CPU.ActiveCfg = Release|Any CPU
		{A5EEBB17-E3F3-4F10-8710-67CEAAFB7552}.Release|Any CPU.Build.0 = Release|Any CPU
		{A5EEBB17-E3F3-4F10-8710-67CEAAFB7552}.Release|x64.ActiveCfg = Release|Any CPU
		{A5EEBB17-E3F3-4F10-8710-67CEAAFB7552}.Release|x64.Build.0 = Release|Any CPU
		{A5EEBB17-E3F3-4F10-8710-67CEAAFB7552}.Release|x86.ActiveCfg = Release|Any CPU
		{A5EEBB17-E3F3-4F10-8710-67CEAAFB7552}.Release|x86.Build.0 = Release|Any CPU
		{959A20E8-614C-40F5-8BCB-AE6B2B6ED6D7}.Debug|Any CPU.ActiveCfg = Debug|Any CPU
		{959A20E8-614C-40F5-8BCB-AE6B2B6ED6D7}.Debug|Any CPU.Build.0 = Debug|Any CPU
		{959A20E8-614C-40F5-8BCB-AE6B2B6ED6D7}.Debug|x64.ActiveCfg = Debug|Any CPU
		{959A20E8-614C-40F5-8BCB-AE6B2B6ED6D7}.Debug|x64.Build.0 = Debug|Any CPU
		{959A20E8-614C-40F5-8BCB-AE6B2B6ED6D7}.Debug|x86.ActiveCfg = Debug|Any CPU
		{959A20E8-614C-40F5-8BCB-AE6B2B6ED6D7}.Debug|x86.Build.0 = Debug|Any CPU
		{959A20E8-614C-40F5-8BCB-AE6B2B6ED6D7}.Release|Any CPU.ActiveCfg = Release|Any CPU
		{959A20E8-614C-40F5-8BCB-AE6B2B6ED6D7}.Release|Any CPU.Build.0 = Release|Any CPU
		{959A20E8-614C-40F5-8BCB-AE6B2B6ED6D7}.Release|x64.ActiveCfg = Release|Any CPU
		{959A20E8-614C-40F5-8BCB-AE6B2B6ED6D7}.Release|x64.Build.0 = Release|Any CPU
		{959A20E8-614C-40F5-8BCB-AE6B2B6ED6D7}.Release|x86.ActiveCfg = Release|Any CPU
		{959A20E8-614C-40F5-8BCB-AE6B2B6ED6D7}.Release|x86.Build.0 = Release|Any CPU
		{CBA07D8F-A2F9-4BD0-9FDF-DA2E195B024A}.Debug|Any CPU.ActiveCfg = Debug|Any CPU
		{CBA07D8F-A2F9-4BD0-9FDF-DA2E195B024A}.Debug|Any CPU.Build.0 = Debug|Any CPU
		{CBA07D8F-A2F9-4BD0-9FDF-DA2E195B024A}.Debug|x64.ActiveCfg = Debug|Any CPU
		{CBA07D8F-A2F9-4BD0-9FDF-DA2E195B024A}.Debug|x64.Build.0 = Debug|Any CPU
		{CBA07D8F-A2F9-4BD0-9FDF-DA2E195B024A}.Debug|x86.ActiveCfg = Debug|Any CPU
		{CBA07D8F-A2F9-4BD0-9FDF-DA2E195B024A}.Debug|x86.Build.0 = Debug|Any CPU
		{CBA07D8F-A2F9-4BD0-9FDF-DA2E195B024A}.Release|Any CPU.ActiveCfg = Release|Any CPU
		{CBA07D8F-A2F9-4BD0-9FDF-DA2E195B024A}.Release|Any CPU.Build.0 = Release|Any CPU
		{CBA07D8F-A2F9-4BD0-9FDF-DA2E195B024A}.Release|x64.ActiveCfg = Release|Any CPU
		{CBA07D8F-A2F9-4BD0-9FDF-DA2E195B024A}.Release|x64.Build.0 = Release|Any CPU
		{CBA07D8F-A2F9-4BD0-9FDF-DA2E195B024A}.Release|x86.ActiveCfg = Release|Any CPU
		{CBA07D8F-A2F9-4BD0-9FDF-DA2E195B024A}.Release|x86.Build.0 = Release|Any CPU
		{620689A2-A7F3-4608-8CFF-D95DF26D1237}.Debug|Any CPU.ActiveCfg = Debug|Any CPU
		{620689A2-A7F3-4608-8CFF-D95DF26D1237}.Debug|Any CPU.Build.0 = Debug|Any CPU
		{620689A2-A7F3-4608-8CFF-D95DF26D1237}.Debug|x64.ActiveCfg = Debug|Any CPU
		{620689A2-A7F3-4608-8CFF-D95DF26D1237}.Debug|x64.Build.0 = Debug|Any CPU
		{620689A2-A7F3-4608-8CFF-D95DF26D1237}.Debug|x86.ActiveCfg = Debug|Any CPU
		{620689A2-A7F3-4608-8CFF-D95DF26D1237}.Debug|x86.Build.0 = Debug|Any CPU
		{620689A2-A7F3-4608-8CFF-D95DF26D1237}.Release|Any CPU.ActiveCfg = Release|Any CPU
		{620689A2-A7F3-4608-8CFF-D95DF26D1237}.Release|Any CPU.Build.0 = Release|Any CPU
		{620689A2-A7F3-4608-8CFF-D95DF26D1237}.Release|x64.ActiveCfg = Release|Any CPU
		{620689A2-A7F3-4608-8CFF-D95DF26D1237}.Release|x64.Build.0 = Release|Any CPU
		{620689A2-A7F3-4608-8CFF-D95DF26D1237}.Release|x86.ActiveCfg = Release|Any CPU
		{620689A2-A7F3-4608-8CFF-D95DF26D1237}.Release|x86.Build.0 = Release|Any CPU
		{AFB726FF-4A05-4518-81F6-BF50F3CFE0A1}.Debug|Any CPU.ActiveCfg = Debug|Any CPU
		{AFB726FF-4A05-4518-81F6-BF50F3CFE0A1}.Debug|Any CPU.Build.0 = Debug|Any CPU
		{AFB726FF-4A05-4518-81F6-BF50F3CFE0A1}.Debug|x64.ActiveCfg = Debug|Any CPU
		{AFB726FF-4A05-4518-81F6-BF50F3CFE0A1}.Debug|x64.Build.0 = Debug|Any CPU
		{AFB726FF-4A05-4518-81F6-BF50F3CFE0A1}.Debug|x86.ActiveCfg = Debug|Any CPU
		{AFB726FF-4A05-4518-81F6-BF50F3CFE0A1}.Debug|x86.Build.0 = Debug|Any CPU
		{AFB726FF-4A05-4518-81F6-BF50F3CFE0A1}.Release|Any CPU.ActiveCfg = Release|Any CPU
		{AFB726FF-4A05-4518-81F6-BF50F3CFE0A1}.Release|Any CPU.Build.0 = Release|Any CPU
		{AFB726FF-4A05-4518-81F6-BF50F3CFE0A1}.Release|x64.ActiveCfg = Release|Any CPU
		{AFB726FF-4A05-4518-81F6-BF50F3CFE0A1}.Release|x64.Build.0 = Release|Any CPU
		{AFB726FF-4A05-4518-81F6-BF50F3CFE0A1}.Release|x86.ActiveCfg = Release|Any CPU
		{AFB726FF-4A05-4518-81F6-BF50F3CFE0A1}.Release|x86.Build.0 = Release|Any CPU
		{3A85E3DE-19BD-4073-84CF-ABBC1DB5FED6}.Debug|Any CPU.ActiveCfg = Debug|Any CPU
		{3A85E3DE-19BD-4073-84CF-ABBC1DB5FED6}.Debug|Any CPU.Build.0 = Debug|Any CPU
		{3A85E3DE-19BD-4073-84CF-ABBC1DB5FED6}.Debug|x64.ActiveCfg = Debug|Any CPU
		{3A85E3DE-19BD-4073-84CF-ABBC1DB5FED6}.Debug|x64.Build.0 = Debug|Any CPU
		{3A85E3DE-19BD-4073-84CF-ABBC1DB5FED6}.Debug|x86.ActiveCfg = Debug|Any CPU
		{3A85E3DE-19BD-4073-84CF-ABBC1DB5FED6}.Debug|x86.Build.0 = Debug|Any CPU
		{3A85E3DE-19BD-4073-84CF-ABBC1DB5FED6}.Release|Any CPU.ActiveCfg = Release|Any CPU
		{3A85E3DE-19BD-4073-84CF-ABBC1DB5FED6}.Release|Any CPU.Build.0 = Release|Any CPU
		{3A85E3DE-19BD-4073-84CF-ABBC1DB5FED6}.Release|x64.ActiveCfg = Release|Any CPU
		{3A85E3DE-19BD-4073-84CF-ABBC1DB5FED6}.Release|x64.Build.0 = Release|Any CPU
		{3A85E3DE-19BD-4073-84CF-ABBC1DB5FED6}.Release|x86.ActiveCfg = Release|Any CPU
		{3A85E3DE-19BD-4073-84CF-ABBC1DB5FED6}.Release|x86.Build.0 = Release|Any CPU
		{83765878-79BF-411D-95AB-86BED28B725C}.Debug|Any CPU.ActiveCfg = Debug|Any CPU
		{83765878-79BF-411D-95AB-86BED28B725C}.Debug|Any CPU.Build.0 = Debug|Any CPU
		{83765878-79BF-411D-95AB-86BED28B725C}.Debug|x64.ActiveCfg = Debug|Any CPU
		{83765878-79BF-411D-95AB-86BED28B725C}.Debug|x64.Build.0 = Debug|Any CPU
		{83765878-79BF-411D-95AB-86BED28B725C}.Debug|x86.ActiveCfg = Debug|Any CPU
		{83765878-79BF-411D-95AB-86BED28B725C}.Debug|x86.Build.0 = Debug|Any CPU
		{83765878-79BF-411D-95AB-86BED28B725C}.Release|Any CPU.ActiveCfg = Release|Any CPU
		{83765878-79BF-411D-95AB-86BED28B725C}.Release|Any CPU.Build.0 = Release|Any CPU
		{83765878-79BF-411D-95AB-86BED28B725C}.Release|x64.ActiveCfg = Release|Any CPU
		{83765878-79BF-411D-95AB-86BED28B725C}.Release|x64.Build.0 = Release|Any CPU
		{83765878-79BF-411D-95AB-86BED28B725C}.Release|x86.ActiveCfg = Release|Any CPU
		{83765878-79BF-411D-95AB-86BED28B725C}.Release|x86.Build.0 = Release|Any CPU
		{8E05FEE9-7388-482E-B996-68EE41CF6017}.Debug|Any CPU.ActiveCfg = Debug|Any CPU
		{8E05FEE9-7388-482E-B996-68EE41CF6017}.Debug|Any CPU.Build.0 = Debug|Any CPU
		{8E05FEE9-7388-482E-B996-68EE41CF6017}.Debug|x64.ActiveCfg = Debug|Any CPU
		{8E05FEE9-7388-482E-B996-68EE41CF6017}.Debug|x64.Build.0 = Debug|Any CPU
		{8E05FEE9-7388-482E-B996-68EE41CF6017}.Debug|x86.ActiveCfg = Debug|Any CPU
		{8E05FEE9-7388-482E-B996-68EE41CF6017}.Debug|x86.Build.0 = Debug|Any CPU
		{8E05FEE9-7388-482E-B996-68EE41CF6017}.Release|Any CPU.ActiveCfg = Release|Any CPU
		{8E05FEE9-7388-482E-B996-68EE41CF6017}.Release|Any CPU.Build.0 = Release|Any CPU
		{8E05FEE9-7388-482E-B996-68EE41CF6017}.Release|x64.ActiveCfg = Release|Any CPU
		{8E05FEE9-7388-482E-B996-68EE41CF6017}.Release|x64.Build.0 = Release|Any CPU
		{8E05FEE9-7388-482E-B996-68EE41CF6017}.Release|x86.ActiveCfg = Release|Any CPU
		{8E05FEE9-7388-482E-B996-68EE41CF6017}.Release|x86.Build.0 = Release|Any CPU
		{A9084FEB-6DA0-4B41-BB48-DB91D1E07933}.Debug|Any CPU.ActiveCfg = Debug|Any CPU
		{A9084FEB-6DA0-4B41-BB48-DB91D1E07933}.Debug|Any CPU.Build.0 = Debug|Any CPU
		{A9084FEB-6DA0-4B41-BB48-DB91D1E07933}.Debug|x64.ActiveCfg = Debug|Any CPU
		{A9084FEB-6DA0-4B41-BB48-DB91D1E07933}.Debug|x64.Build.0 = Debug|Any CPU
		{A9084FEB-6DA0-4B41-BB48-DB91D1E07933}.Debug|x86.ActiveCfg = Debug|Any CPU
		{A9084FEB-6DA0-4B41-BB48-DB91D1E07933}.Debug|x86.Build.0 = Debug|Any CPU
		{A9084FEB-6DA0-4B41-BB48-DB91D1E07933}.Release|Any CPU.ActiveCfg = Release|Any CPU
		{A9084FEB-6DA0-4B41-BB48-DB91D1E07933}.Release|Any CPU.Build.0 = Release|Any CPU
		{A9084FEB-6DA0-4B41-BB48-DB91D1E07933}.Release|x64.ActiveCfg = Release|Any CPU
		{A9084FEB-6DA0-4B41-BB48-DB91D1E07933}.Release|x64.Build.0 = Release|Any CPU
		{A9084FEB-6DA0-4B41-BB48-DB91D1E07933}.Release|x86.ActiveCfg = Release|Any CPU
		{A9084FEB-6DA0-4B41-BB48-DB91D1E07933}.Release|x86.Build.0 = Release|Any CPU
		{8CC125CC-C658-4B0E-9EEA-C04878F232A7}.Debug|Any CPU.ActiveCfg = Debug|Any CPU
		{8CC125CC-C658-4B0E-9EEA-C04878F232A7}.Debug|Any CPU.Build.0 = Debug|Any CPU
		{8CC125CC-C658-4B0E-9EEA-C04878F232A7}.Debug|x64.ActiveCfg = Debug|Any CPU
		{8CC125CC-C658-4B0E-9EEA-C04878F232A7}.Debug|x64.Build.0 = Debug|Any CPU
		{8CC125CC-C658-4B0E-9EEA-C04878F232A7}.Debug|x86.ActiveCfg = Debug|Any CPU
		{8CC125CC-C658-4B0E-9EEA-C04878F232A7}.Debug|x86.Build.0 = Debug|Any CPU
		{8CC125CC-C658-4B0E-9EEA-C04878F232A7}.Release|Any CPU.ActiveCfg = Release|Any CPU
		{8CC125CC-C658-4B0E-9EEA-C04878F232A7}.Release|Any CPU.Build.0 = Release|Any CPU
		{8CC125CC-C658-4B0E-9EEA-C04878F232A7}.Release|x64.ActiveCfg = Release|Any CPU
		{8CC125CC-C658-4B0E-9EEA-C04878F232A7}.Release|x64.Build.0 = Release|Any CPU
		{8CC125CC-C658-4B0E-9EEA-C04878F232A7}.Release|x86.ActiveCfg = Release|Any CPU
		{8CC125CC-C658-4B0E-9EEA-C04878F232A7}.Release|x86.Build.0 = Release|Any CPU
		{8E627744-79BD-495B-A983-CDAFC7F8016D}.Debug|Any CPU.ActiveCfg = Debug|Any CPU
		{8E627744-79BD-495B-A983-CDAFC7F8016D}.Debug|Any CPU.Build.0 = Debug|Any CPU
		{8E627744-79BD-495B-A983-CDAFC7F8016D}.Debug|x64.ActiveCfg = Debug|Any CPU
		{8E627744-79BD-495B-A983-CDAFC7F8016D}.Debug|x64.Build.0 = Debug|Any CPU
		{8E627744-79BD-495B-A983-CDAFC7F8016D}.Debug|x86.ActiveCfg = Debug|Any CPU
		{8E627744-79BD-495B-A983-CDAFC7F8016D}.Debug|x86.Build.0 = Debug|Any CPU
		{8E627744-79BD-495B-A983-CDAFC7F8016D}.Release|Any CPU.ActiveCfg = Release|Any CPU
		{8E627744-79BD-495B-A983-CDAFC7F8016D}.Release|Any CPU.Build.0 = Release|Any CPU
		{8E627744-79BD-495B-A983-CDAFC7F8016D}.Release|x64.ActiveCfg = Release|Any CPU
		{8E627744-79BD-495B-A983-CDAFC7F8016D}.Release|x64.Build.0 = Release|Any CPU
		{8E627744-79BD-495B-A983-CDAFC7F8016D}.Release|x86.ActiveCfg = Release|Any CPU
		{8E627744-79BD-495B-A983-CDAFC7F8016D}.Release|x86.Build.0 = Release|Any CPU
		{33896AF1-4C0C-4C7D-9853-EF797BBBEEA0}.Debug|Any CPU.ActiveCfg = Debug|Any CPU
		{33896AF1-4C0C-4C7D-9853-EF797BBBEEA0}.Debug|Any CPU.Build.0 = Debug|Any CPU
		{33896AF1-4C0C-4C7D-9853-EF797BBBEEA0}.Debug|x64.ActiveCfg = Debug|Any CPU
		{33896AF1-4C0C-4C7D-9853-EF797BBBEEA0}.Debug|x64.Build.0 = Debug|Any CPU
		{33896AF1-4C0C-4C7D-9853-EF797BBBEEA0}.Debug|x86.ActiveCfg = Debug|Any CPU
		{33896AF1-4C0C-4C7D-9853-EF797BBBEEA0}.Debug|x86.Build.0 = Debug|Any CPU
		{33896AF1-4C0C-4C7D-9853-EF797BBBEEA0}.Release|Any CPU.ActiveCfg = Release|Any CPU
		{33896AF1-4C0C-4C7D-9853-EF797BBBEEA0}.Release|Any CPU.Build.0 = Release|Any CPU
		{33896AF1-4C0C-4C7D-9853-EF797BBBEEA0}.Release|x64.ActiveCfg = Release|Any CPU
		{33896AF1-4C0C-4C7D-9853-EF797BBBEEA0}.Release|x64.Build.0 = Release|Any CPU
		{33896AF1-4C0C-4C7D-9853-EF797BBBEEA0}.Release|x86.ActiveCfg = Release|Any CPU
		{33896AF1-4C0C-4C7D-9853-EF797BBBEEA0}.Release|x86.Build.0 = Release|Any CPU
		{DBFB164E-2F39-463A-AF65-66EAFB1AC800}.Debug|Any CPU.ActiveCfg = Debug|Any CPU
		{DBFB164E-2F39-463A-AF65-66EAFB1AC800}.Debug|Any CPU.Build.0 = Debug|Any CPU
		{DBFB164E-2F39-463A-AF65-66EAFB1AC800}.Debug|x64.ActiveCfg = Debug|Any CPU
		{DBFB164E-2F39-463A-AF65-66EAFB1AC800}.Debug|x64.Build.0 = Debug|Any CPU
		{DBFB164E-2F39-463A-AF65-66EAFB1AC800}.Debug|x86.ActiveCfg = Debug|Any CPU
		{DBFB164E-2F39-463A-AF65-66EAFB1AC800}.Debug|x86.Build.0 = Debug|Any CPU
		{DBFB164E-2F39-463A-AF65-66EAFB1AC800}.Release|Any CPU.ActiveCfg = Release|Any CPU
		{DBFB164E-2F39-463A-AF65-66EAFB1AC800}.Release|Any CPU.Build.0 = Release|Any CPU
		{DBFB164E-2F39-463A-AF65-66EAFB1AC800}.Release|x64.ActiveCfg = Release|Any CPU
		{DBFB164E-2F39-463A-AF65-66EAFB1AC800}.Release|x64.Build.0 = Release|Any CPU
		{DBFB164E-2F39-463A-AF65-66EAFB1AC800}.Release|x86.ActiveCfg = Release|Any CPU
		{DBFB164E-2F39-463A-AF65-66EAFB1AC800}.Release|x86.Build.0 = Release|Any CPU
		{6ED5011C-8E82-473A-A9EE-E8961A04AE66}.Debug|Any CPU.ActiveCfg = Debug|Any CPU
		{6ED5011C-8E82-473A-A9EE-E8961A04AE66}.Debug|Any CPU.Build.0 = Debug|Any CPU
		{6ED5011C-8E82-473A-A9EE-E8961A04AE66}.Debug|x64.ActiveCfg = Debug|Any CPU
		{6ED5011C-8E82-473A-A9EE-E8961A04AE66}.Debug|x64.Build.0 = Debug|Any CPU
		{6ED5011C-8E82-473A-A9EE-E8961A04AE66}.Debug|x86.ActiveCfg = Debug|Any CPU
		{6ED5011C-8E82-473A-A9EE-E8961A04AE66}.Debug|x86.Build.0 = Debug|Any CPU
		{6ED5011C-8E82-473A-A9EE-E8961A04AE66}.Release|Any CPU.ActiveCfg = Release|Any CPU
		{6ED5011C-8E82-473A-A9EE-E8961A04AE66}.Release|Any CPU.Build.0 = Release|Any CPU
		{6ED5011C-8E82-473A-A9EE-E8961A04AE66}.Release|x64.ActiveCfg = Release|Any CPU
		{6ED5011C-8E82-473A-A9EE-E8961A04AE66}.Release|x64.Build.0 = Release|Any CPU
		{6ED5011C-8E82-473A-A9EE-E8961A04AE66}.Release|x86.ActiveCfg = Release|Any CPU
		{6ED5011C-8E82-473A-A9EE-E8961A04AE66}.Release|x86.Build.0 = Release|Any CPU
		{AF4FA922-DF41-4088-95DE-0E8B08403AA2}.Debug|Any CPU.ActiveCfg = Debug|Any CPU
		{AF4FA922-DF41-4088-95DE-0E8B08403AA2}.Debug|Any CPU.Build.0 = Debug|Any CPU
		{AF4FA922-DF41-4088-95DE-0E8B08403AA2}.Debug|x64.ActiveCfg = Debug|Any CPU
		{AF4FA922-DF41-4088-95DE-0E8B08403AA2}.Debug|x64.Build.0 = Debug|Any CPU
		{AF4FA922-DF41-4088-95DE-0E8B08403AA2}.Debug|x86.ActiveCfg = Debug|Any CPU
		{AF4FA922-DF41-4088-95DE-0E8B08403AA2}.Debug|x86.Build.0 = Debug|Any CPU
		{AF4FA922-DF41-4088-95DE-0E8B08403AA2}.Release|Any CPU.ActiveCfg = Release|Any CPU
		{AF4FA922-DF41-4088-95DE-0E8B08403AA2}.Release|Any CPU.Build.0 = Release|Any CPU
		{AF4FA922-DF41-4088-95DE-0E8B08403AA2}.Release|x64.ActiveCfg = Release|Any CPU
		{AF4FA922-DF41-4088-95DE-0E8B08403AA2}.Release|x64.Build.0 = Release|Any CPU
		{AF4FA922-DF41-4088-95DE-0E8B08403AA2}.Release|x86.ActiveCfg = Release|Any CPU
		{AF4FA922-DF41-4088-95DE-0E8B08403AA2}.Release|x86.Build.0 = Release|Any CPU
		{4ADAE1B8-7CB2-4078-8040-31053F0EE139}.Debug|Any CPU.ActiveCfg = Debug|Any CPU
		{4ADAE1B8-7CB2-4078-8040-31053F0EE139}.Debug|Any CPU.Build.0 = Debug|Any CPU
		{4ADAE1B8-7CB2-4078-8040-31053F0EE139}.Debug|x64.ActiveCfg = Debug|Any CPU
		{4ADAE1B8-7CB2-4078-8040-31053F0EE139}.Debug|x64.Build.0 = Debug|Any CPU
		{4ADAE1B8-7CB2-4078-8040-31053F0EE139}.Debug|x86.ActiveCfg = Debug|Any CPU
		{4ADAE1B8-7CB2-4078-8040-31053F0EE139}.Debug|x86.Build.0 = Debug|Any CPU
		{4ADAE1B8-7CB2-4078-8040-31053F0EE139}.Release|Any CPU.ActiveCfg = Release|Any CPU
		{4ADAE1B8-7CB2-4078-8040-31053F0EE139}.Release|Any CPU.Build.0 = Release|Any CPU
		{4ADAE1B8-7CB2-4078-8040-31053F0EE139}.Release|x64.ActiveCfg = Release|Any CPU
		{4ADAE1B8-7CB2-4078-8040-31053F0EE139}.Release|x64.Build.0 = Release|Any CPU
		{4ADAE1B8-7CB2-4078-8040-31053F0EE139}.Release|x86.ActiveCfg = Release|Any CPU
		{4ADAE1B8-7CB2-4078-8040-31053F0EE139}.Release|x86.Build.0 = Release|Any CPU
	EndGlobalSection
	GlobalSection(SolutionProperties) = preSolution
		HideSolutionNode = FALSE
	EndGlobalSection
	GlobalSection(NestedProjects) = preSolution
		{D61B6A3D-7BD0-4FAB-9D38-1D8EBCA0E913} = {827E0CD3-B72D-47B6-A68D-7590B98EB39B}
		{C7932540-DC13-4ECB-BB93-3864AC96E362} = {0AB3BF05-4346-4AA6-1389-037BE0695223}
		{0B251BBB-262B-490E-8C87-5B275F1F9B77} = {827E0CD3-B72D-47B6-A68D-7590B98EB39B}
		{A5EEBB17-E3F3-4F10-8710-67CEAAFB7552} = {827E0CD3-B72D-47B6-A68D-7590B98EB39B}
		{959A20E8-614C-40F5-8BCB-AE6B2B6ED6D7} = {827E0CD3-B72D-47B6-A68D-7590B98EB39B}
		{CBA07D8F-A2F9-4BD0-9FDF-DA2E195B024A} = {0AB3BF05-4346-4AA6-1389-037BE0695223}
		{620689A2-A7F3-4608-8CFF-D95DF26D1237} = {0AB3BF05-4346-4AA6-1389-037BE0695223}
		{AFB726FF-4A05-4518-81F6-BF50F3CFE0A1} = {0AB3BF05-4346-4AA6-1389-037BE0695223}
		{3A85E3DE-19BD-4073-84CF-ABBC1DB5FED6} = {827E0CD3-B72D-47B6-A68D-7590B98EB39B}
		{83765878-79BF-411D-95AB-86BED28B725C} = {0AB3BF05-4346-4AA6-1389-037BE0695223}
		{8E05FEE9-7388-482E-B996-68EE41CF6017} = {827E0CD3-B72D-47B6-A68D-7590B98EB39B}
		{A9084FEB-6DA0-4B41-BB48-DB91D1E07933} = {0AB3BF05-4346-4AA6-1389-037BE0695223}
		{8CC125CC-C658-4B0E-9EEA-C04878F232A7} = {827E0CD3-B72D-47B6-A68D-7590B98EB39B}
		{8E627744-79BD-495B-A983-CDAFC7F8016D} = {0AB3BF05-4346-4AA6-1389-037BE0695223}
		{33896AF1-4C0C-4C7D-9853-EF797BBBEEA0} = {827E0CD3-B72D-47B6-A68D-7590B98EB39B}
		{DBFB164E-2F39-463A-AF65-66EAFB1AC800} = {827E0CD3-B72D-47B6-A68D-7590B98EB39B}
		{6ED5011C-8E82-473A-A9EE-E8961A04AE66} = {0AB3BF05-4346-4AA6-1389-037BE0695223}
		{AF4FA922-DF41-4088-95DE-0E8B08403AA2} = {FA8A28C8-4B59-8028-2ACF-626D05B08DB7}
		{4ADAE1B8-7CB2-4078-8040-31053F0EE139} = {FA8A28C8-4B59-8028-2ACF-626D05B08DB7}
	EndGlobalSection
EndGlobal
